// !$*UTF8*$!
{
	archiveVersion = 1;
	classes = {
	};
	objectVersion = 50;
	objects = {

/* Begin PBXBuildFile section */
		185A342E220E888B00A48ECE /* libglfw.3.2.dylib in Frameworks */ = {isa = PBXBuildFile; fileRef = 185A342D220E888B00A48ECE /* libglfw.3.2.dylib */; settings = {ATTRIBUTES = (Weak, ); }; };
		F10A0DA32205571800E871D7 /* main.cpp in Sources */ = {isa = PBXBuildFile; fileRef = F10A0DA22205571800E871D7 /* main.cpp */; };
		F10A0DAB2205572200E871D7 /* Cocoa.framework in Frameworks */ = {isa = PBXBuildFile; fileRef = F10A0DAA2205572200E871D7 /* Cocoa.framework */; };
		F10A0DAD2205572800E871D7 /* IOKit.framework in Frameworks */ = {isa = PBXBuildFile; fileRef = F10A0DAC2205572800E871D7 /* IOKit.framework */; };
		F10A0DAF2205572D00E871D7 /* CoreVideo.framework in Frameworks */ = {isa = PBXBuildFile; fileRef = F10A0DAE2205572D00E871D7 /* CoreVideo.framework */; };
		F10A0DB12205573200E871D7 /* OpenGL.framework in Frameworks */ = {isa = PBXBuildFile; fileRef = F10A0DB02205573200E871D7 /* OpenGL.framework */; };
		F10A0DB52205593400E871D7 /* glad.c in Sources */ = {isa = PBXBuildFile; fileRef = F10A0DB42205593400E871D7 /* glad.c */; };
		F10A0DB9220559DD00E871D7 /* shader.cpp in Sources */ = {isa = PBXBuildFile; fileRef = F10A0DB7220559DD00E871D7 /* shader.cpp */; };
		F10A0DBC22055B9300E871D7 /* utility.cpp in Sources */ = {isa = PBXBuildFile; fileRef = F10A0DBA22055B9300E871D7 /* utility.cpp */; };
		F10A0DC6220561B000E871D7 /* bus.cpp in Sources */ = {isa = PBXBuildFile; fileRef = F10A0DC4220561B000E871D7 /* bus.cpp */; };
		F10A0DD6220B1FB200E871D7 /* chpack.cpp in Sources */ = {isa = PBXBuildFile; fileRef = F10A0DD4220B1FB200E871D7 /* chpack.cpp */; };
/* End PBXBuildFile section */

/* Begin PBXCopyFilesBuildPhase section */
		F10A0D9D2205571800E871D7 /* CopyFiles */ = {
			isa = PBXCopyFilesBuildPhase;
			buildActionMask = 2147483647;
			dstPath = /usr/share/man/man1/;
			dstSubfolderSpec = 0;
			files = (
			);
			runOnlyForDeploymentPostprocessing = 1;
		};
/* End PBXCopyFilesBuildPhase section */

/* Begin PBXFileReference section */
		185A342D220E888B00A48ECE /* libglfw.3.2.dylib */ = {isa = PBXFileReference; lastKnownFileType = "compiled.mach-o.dylib"; name = libglfw.3.2.dylib; path = ../../../../usr/local/Cellar/glfw/3.2.1/lib/libglfw.3.2.dylib; sourceTree = "<group>"; };
		F10A0D9F2205571800E871D7 /* Southpine */ = {isa = PBXFileReference; explicitFileType = "compiled.mach-o.executable"; includeInIndex = 0; path = Southpine; sourceTree = BUILT_PRODUCTS_DIR; };
		F10A0DA22205571800E871D7 /* main.cpp */ = {isa = PBXFileReference; lastKnownFileType = sourcecode.cpp.cpp; path = main.cpp; sourceTree = "<group>"; };
		F10A0DAA2205572200E871D7 /* Cocoa.framework */ = {isa = PBXFileReference; lastKnownFileType = wrapper.framework; name = Cocoa.framework; path = System/Library/Frameworks/Cocoa.framework; sourceTree = SDKROOT; };
		F10A0DAC2205572800E871D7 /* IOKit.framework */ = {isa = PBXFileReference; lastKnownFileType = wrapper.framework; name = IOKit.framework; path = System/Library/Frameworks/IOKit.framework; sourceTree = SDKROOT; };
		F10A0DAE2205572D00E871D7 /* CoreVideo.framework */ = {isa = PBXFileReference; lastKnownFileType = wrapper.framework; name = CoreVideo.framework; path = System/Library/Frameworks/CoreVideo.framework; sourceTree = SDKROOT; };
		F10A0DB02205573200E871D7 /* OpenGL.framework */ = {isa = PBXFileReference; lastKnownFileType = wrapper.framework; name = OpenGL.framework; path = System/Library/Frameworks/OpenGL.framework; sourceTree = SDKROOT; };
		F10A0DB22205582F00E871D7 /* libglfw3.a */ = {isa = PBXFileReference; lastKnownFileType = archive.ar; name = libglfw3.a; path = ../../../../usr/local/lib/libglfw3.a; sourceTree = "<group>"; };
		F10A0DB42205593400E871D7 /* glad.c */ = {isa = PBXFileReference; fileEncoding = 4; lastKnownFileType = sourcecode.c.c; path = glad.c; sourceTree = "<group>"; };
		F10A0DB7220559DD00E871D7 /* shader.cpp */ = {isa = PBXFileReference; lastKnownFileType = sourcecode.cpp.cpp; path = shader.cpp; sourceTree = "<group>"; };
		F10A0DB8220559DD00E871D7 /* shader.hpp */ = {isa = PBXFileReference; lastKnownFileType = sourcecode.cpp.h; path = shader.hpp; sourceTree = "<group>"; };
		F10A0DBA22055B9300E871D7 /* utility.cpp */ = {isa = PBXFileReference; lastKnownFileType = sourcecode.cpp.cpp; path = utility.cpp; sourceTree = "<group>"; };
		F10A0DBB22055B9300E871D7 /* utility.hpp */ = {isa = PBXFileReference; lastKnownFileType = sourcecode.cpp.h; path = utility.hpp; sourceTree = "<group>"; };
		F10A0DBE22055C8700E871D7 /* vsimple.glsl */ = {isa = PBXFileReference; lastKnownFileType = text; path = vsimple.glsl; sourceTree = "<group>"; };
		F10A0DBF22055C9100E871D7 /* fsimple.glsl */ = {isa = PBXFileReference; lastKnownFileType = text; path = fsimple.glsl; sourceTree = "<group>"; };
		F10A0DC22205608C00E871D7 /* vcube.glsl */ = {isa = PBXFileReference; lastKnownFileType = text; path = vcube.glsl; sourceTree = "<group>"; };
		F10A0DC4220561B000E871D7 /* bus.cpp */ = {isa = PBXFileReference; lastKnownFileType = sourcecode.cpp.cpp; path = bus.cpp; sourceTree = "<group>"; };
		F10A0DC5220561B000E871D7 /* bus.hpp */ = {isa = PBXFileReference; lastKnownFileType = sourcecode.cpp.h; path = bus.hpp; sourceTree = "<group>"; };
		F10A0DC7220AC2E800E871D7 /* fworld.glsl */ = {isa = PBXFileReference; lastKnownFileType = text; path = fworld.glsl; sourceTree = "<group>"; };
		F10A0DC8220AC38000E871D7 /* vworld.glsl */ = {isa = PBXFileReference; lastKnownFileType = text; path = vworld.glsl; sourceTree = "<group>"; };
		F10A0DD0220AF19500E871D7 /* ext */ = {isa = PBXFileReference; lastKnownFileType = folder; path = ext; sourceTree = "<group>"; };
		F10A0DD1220AF1D600E871D7 /* assets */ = {isa = PBXFileReference; lastKnownFileType = folder; path = assets; sourceTree = "<group>"; };
		F10A0DD2220B0EC500E871D7 /* vch.glsl */ = {isa = PBXFileReference; lastKnownFileType = text; path = vch.glsl; sourceTree = "<group>"; };
		F10A0DD3220B0ECE00E871D7 /* fch.glsl */ = {isa = PBXFileReference; lastKnownFileType = text; path = fch.glsl; sourceTree = "<group>"; };
		F10A0DD4220B1FB200E871D7 /* chpack.cpp */ = {isa = PBXFileReference; lastKnownFileType = sourcecode.cpp.cpp; path = chpack.cpp; sourceTree = "<group>"; };
		F10A0DD5220B1FB200E871D7 /* chpack.hpp */ = {isa = PBXFileReference; lastKnownFileType = sourcecode.cpp.h; path = chpack.hpp; sourceTree = "<group>"; };
/* End PBXFileReference section */

/* Begin PBXFrameworksBuildPhase section */
		F10A0D9C2205571800E871D7 /* Frameworks */ = {
			isa = PBXFrameworksBuildPhase;
			buildActionMask = 2147483647;
			files = (
				185A342E220E888B00A48ECE /* libglfw.3.2.dylib in Frameworks */,
				F10A0DB12205573200E871D7 /* OpenGL.framework in Frameworks */,
				F10A0DAF2205572D00E871D7 /* CoreVideo.framework in Frameworks */,
				F10A0DAD2205572800E871D7 /* IOKit.framework in Frameworks */,
				F10A0DAB2205572200E871D7 /* Cocoa.framework in Frameworks */,
			);
			runOnlyForDeploymentPostprocessing = 0;
		};
/* End PBXFrameworksBuildPhase section */

/* Begin PBXGroup section */
		F10A0D962205571800E871D7 = {
			isa = PBXGroup;
			children = (
				F10A0DD1220AF1D600E871D7 /* assets */,
				F10A0DD0220AF19500E871D7 /* ext */,
				F10A0DC32205619300E871D7 /* memory */,
				F10A0DBD22055C5800E871D7 /* shaders */,
				F10A0DB6220559C900E871D7 /* graphics */,
				F10A0DA12205571800E871D7 /* Southpine */,
				F10A0DA02205571800E871D7 /* Products */,
				F10A0DA92205572200E871D7 /* Frameworks */,
			);
			sourceTree = "<group>";
		};
		F10A0DA02205571800E871D7 /* Products */ = {
			isa = PBXGroup;
			children = (
				F10A0D9F2205571800E871D7 /* Southpine */,
			);
			name = Products;
			sourceTree = "<group>";
		};
		F10A0DA12205571800E871D7 /* Southpine */ = {
			isa = PBXGroup;
			children = (
				F10A0DB42205593400E871D7 /* glad.c */,
				F10A0DA22205571800E871D7 /* main.cpp */,
			);
			path = Southpine;
			sourceTree = "<group>";
		};
		F10A0DA92205572200E871D7 /* Frameworks */ = {
			isa = PBXGroup;
			children = (
				185A342D220E888B00A48ECE /* libglfw.3.2.dylib */,
				F10A0DB22205582F00E871D7 /* libglfw3.a */,
				F10A0DB02205573200E871D7 /* OpenGL.framework */,
				F10A0DAE2205572D00E871D7 /* CoreVideo.framework */,
				F10A0DAC2205572800E871D7 /* IOKit.framework */,
				F10A0DAA2205572200E871D7 /* Cocoa.framework */,
			);
			name = Frameworks;
			sourceTree = "<group>";
		};
		F10A0DB6220559C900E871D7 /* graphics */ = {
			isa = PBXGroup;
			children = (
				F10A0DB7220559DD00E871D7 /* shader.cpp */,
				F10A0DB8220559DD00E871D7 /* shader.hpp */,
				F10A0DBA22055B9300E871D7 /* utility.cpp */,
				F10A0DBB22055B9300E871D7 /* utility.hpp */,
				F10A0DD4220B1FB200E871D7 /* chpack.cpp */,
				F10A0DD5220B1FB200E871D7 /* chpack.hpp */,
			);
			path = graphics;
			sourceTree = "<group>";
		};
		F10A0DBD22055C5800E871D7 /* shaders */ = {
			isa = PBXGroup;
			children = (
				F10A0DBE22055C8700E871D7 /* vsimple.glsl */,
				F10A0DBF22055C9100E871D7 /* fsimple.glsl */,
				F10A0DC22205608C00E871D7 /* vcube.glsl */,
				F10A0DC7220AC2E800E871D7 /* fworld.glsl */,
				F10A0DC8220AC38000E871D7 /* vworld.glsl */,
				F10A0DD2220B0EC500E871D7 /* vch.glsl */,
				F10A0DD3220B0ECE00E871D7 /* fch.glsl */,
			);
			path = shaders;
			sourceTree = "<group>";
		};
		F10A0DC32205619300E871D7 /* memory */ = {
			isa = PBXGroup;
			children = (
				F10A0DC4220561B000E871D7 /* bus.cpp */,
				F10A0DC5220561B000E871D7 /* bus.hpp */,
			);
			path = memory;
			sourceTree = "<group>";
		};
/* End PBXGroup section */

/* Begin PBXNativeTarget section */
		F10A0D9E2205571800E871D7 /* Southpine */ = {
			isa = PBXNativeTarget;
			buildConfigurationList = F10A0DA62205571800E871D7 /* Build configuration list for PBXNativeTarget "Southpine" */;
			buildPhases = (
				F10A0D9B2205571800E871D7 /* Sources */,
				F10A0D9C2205571800E871D7 /* Frameworks */,
				F10A0D9D2205571800E871D7 /* CopyFiles */,
				F10A0DC022055CE900E871D7 /* ShellScript */,
			);
			buildRules = (
			);
			dependencies = (
			);
			name = Southpine;
			productName = Southpine;
			productReference = F10A0D9F2205571800E871D7 /* Southpine */;
			productType = "com.apple.product-type.tool";
		};
/* End PBXNativeTarget section */

/* Begin PBXProject section */
		F10A0D972205571800E871D7 /* Project object */ = {
			isa = PBXProject;
			attributes = {
				LastUpgradeCheck = 1010;
				ORGANIZATIONNAME = aiofwa;
				TargetAttributes = {
					F10A0D9E2205571800E871D7 = {
						CreatedOnToolsVersion = 10.1;
					};
				};
			};
			buildConfigurationList = F10A0D9A2205571800E871D7 /* Build configuration list for PBXProject "Southpine" */;
			compatibilityVersion = "Xcode 9.3";
			developmentRegion = en;
			hasScannedForEncodings = 0;
			knownRegions = (
				en,
			);
			mainGroup = F10A0D962205571800E871D7;
			productRefGroup = F10A0DA02205571800E871D7 /* Products */;
			projectDirPath = "";
			projectRoot = "";
			targets = (
				F10A0D9E2205571800E871D7 /* Southpine */,
			);
		};
/* End PBXProject section */

/* Begin PBXShellScriptBuildPhase section */
		F10A0DC022055CE900E871D7 /* ShellScript */ = {
			isa = PBXShellScriptBuildPhase;
			buildActionMask = 2147483647;
			files = (
			);
			inputFileListPaths = (
			);
			inputPaths = (
			);
			outputFileListPaths = (
			);
			outputPaths = (
			);
			runOnlyForDeploymentPostprocessing = 0;
			shellPath = /bin/sh;
			shellScript = "cp -r ${SRCROOT}/shaders ${BUILT_PRODUCTS_DIR} \ncp -r ${SRCROOT}/assets ${BUILT_PRODUCTS_DIR}\n";
		};
/* End PBXShellScriptBuildPhase section */

/* Begin PBXSourcesBuildPhase section */
		F10A0D9B2205571800E871D7 /* Sources */ = {
			isa = PBXSourcesBuildPhase;
			buildActionMask = 2147483647;
			files = (
				F10A0DBC22055B9300E871D7 /* utility.cpp in Sources */,
				F10A0DB9220559DD00E871D7 /* shader.cpp in Sources */,
				F10A0DA32205571800E871D7 /* main.cpp in Sources */,
				F10A0DB52205593400E871D7 /* glad.c in Sources */,
				F10A0DC6220561B000E871D7 /* bus.cpp in Sources */,
				F10A0DD6220B1FB200E871D7 /* chpack.cpp in Sources */,
			);
			runOnlyForDeploymentPostprocessing = 0;
		};
/* End PBXSourcesBuildPhase section */

/* Begin XCBuildConfiguration section */
		F10A0DA42205571800E871D7 /* Debug */ = {
			isa = XCBuildConfiguration;
			buildSettings = {
				ALWAYS_SEARCH_USER_PATHS = NO;
				CLANG_ANALYZER_NONNULL = YES;
				CLANG_ANALYZER_NUMBER_OBJECT_CONVERSION = YES_AGGRESSIVE;
				CLANG_CXX_LANGUAGE_STANDARD = "gnu++14";
				CLANG_CXX_LIBRARY = "libc++";
				CLANG_ENABLE_MODULES = YES;
				CLANG_ENABLE_OBJC_ARC = YES;
				CLANG_ENABLE_OBJC_WEAK = YES;
				CLANG_WARN_BLOCK_CAPTURE_AUTORELEASING = YES;
				CLANG_WARN_BOOL_CONVERSION = YES;
				CLANG_WARN_COMMA = YES;
				CLANG_WARN_CONSTANT_CONVERSION = YES;
				CLANG_WARN_DEPRECATED_OBJC_IMPLEMENTATIONS = YES;
				CLANG_WARN_DIRECT_OBJC_ISA_USAGE = YES_ERROR;
				CLANG_WARN_DOCUMENTATION_COMMENTS = YES;
				CLANG_WARN_EMPTY_BODY = YES;
				CLANG_WARN_ENUM_CONVERSION = YES;
				CLANG_WARN_INFINITE_RECURSION = YES;
				CLANG_WARN_INT_CONVERSION = YES;
				CLANG_WARN_NON_LITERAL_NULL_CONVERSION = YES;
				CLANG_WARN_OBJC_IMPLICIT_RETAIN_SELF = YES;
				CLANG_WARN_OBJC_LITERAL_CONVERSION = YES;
				CLANG_WARN_OBJC_ROOT_CLASS = YES_ERROR;
				CLANG_WARN_RANGE_LOOP_ANALYSIS = YES;
				CLANG_WARN_STRICT_PROTOTYPES = YES;
				CLANG_WARN_SUSPICIOUS_MOVE = YES;
				CLANG_WARN_UNGUARDED_AVAILABILITY = YES_AGGRESSIVE;
				CLANG_WARN_UNREACHABLE_CODE = YES;
				CLANG_WARN__DUPLICATE_METHOD_MATCH = YES;
				CODE_SIGN_IDENTITY = "Mac Developer";
				COPY_PHASE_STRIP = NO;
				DEBUG_INFORMATION_FORMAT = dwarf;
				ENABLE_STRICT_OBJC_MSGSEND = YES;
				ENABLE_TESTABILITY = YES;
				GCC_C_LANGUAGE_STANDARD = gnu11;
				GCC_DYNAMIC_NO_PIC = NO;
				GCC_NO_COMMON_BLOCKS = YES;
				GCC_OPTIMIZATION_LEVEL = 0;
				GCC_PREPROCESSOR_DEFINITIONS = (
					"DEBUG=1",
					"$(inherited)",
				);
				GCC_WARN_64_TO_32_BIT_CONVERSION = YES;
				GCC_WARN_ABOUT_RETURN_TYPE = YES_ERROR;
				GCC_WARN_UNDECLARED_SELECTOR = YES;
				GCC_WARN_UNINITIALIZED_AUTOS = YES_AGGRESSIVE;
				GCC_WARN_UNUSED_FUNCTION = YES;
				GCC_WARN_UNUSED_VARIABLE = YES;
				MACOSX_DEPLOYMENT_TARGET = 10.14;
				MTL_ENABLE_DEBUG_INFO = INCLUDE_SOURCE;
				MTL_FAST_MATH = YES;
				ONLY_ACTIVE_ARCH = YES;
				SDKROOT = macosx;
			};
			name = Debug;
		};
		F10A0DA52205571800E871D7 /* Release */ = {
			isa = XCBuildConfiguration;
			buildSettings = {
				ALWAYS_SEARCH_USER_PATHS = NO;
				CLANG_ANALYZER_NONNULL = YES;
				CLANG_ANALYZER_NUMBER_OBJECT_CONVERSION = YES_AGGRESSIVE;
				CLANG_CXX_LANGUAGE_STANDARD = "gnu++14";
				CLANG_CXX_LIBRARY = "libc++";
				CLANG_ENABLE_MODULES = YES;
				CLANG_ENABLE_OBJC_ARC = YES;
				CLANG_ENABLE_OBJC_WEAK = YES;
				CLANG_WARN_BLOCK_CAPTURE_AUTORELEASING = YES;
				CLANG_WARN_BOOL_CONVERSION = YES;
				CLANG_WARN_COMMA = YES;
				CLANG_WARN_CONSTANT_CONVERSION = YES;
				CLANG_WARN_DEPRECATED_OBJC_IMPLEMENTATIONS = YES;
				CLANG_WARN_DIRECT_OBJC_ISA_USAGE = YES_ERROR;
				CLANG_WARN_DOCUMENTATION_COMMENTS = YES;
				CLANG_WARN_EMPTY_BODY = YES;
				CLANG_WARN_ENUM_CONVERSION = YES;
				CLANG_WARN_INFINITE_RECURSION = YES;
				CLANG_WARN_INT_CONVERSION = YES;
				CLANG_WARN_NON_LITERAL_NULL_CONVERSION = YES;
				CLANG_WARN_OBJC_IMPLICIT_RETAIN_SELF = YES;
				CLANG_WARN_OBJC_LITERAL_CONVERSION = YES;
				CLANG_WARN_OBJC_ROOT_CLASS = YES_ERROR;
				CLANG_WARN_RANGE_LOOP_ANALYSIS = YES;
				CLANG_WARN_STRICT_PROTOTYPES = YES;
				CLANG_WARN_SUSPICIOUS_MOVE = YES;
				CLANG_WARN_UNGUARDED_AVAILABILITY = YES_AGGRESSIVE;
				CLANG_WARN_UNREACHABLE_CODE = YES;
				CLANG_WARN__DUPLICATE_METHOD_MATCH = YES;
				CODE_SIGN_IDENTITY = "Mac Developer";
				COPY_PHASE_STRIP = NO;
				DEBUG_INFORMATION_FORMAT = "dwarf-with-dsym";
				ENABLE_NS_ASSERTIONS = NO;
				ENABLE_STRICT_OBJC_MSGSEND = YES;
				GCC_C_LANGUAGE_STANDARD = gnu11;
				GCC_NO_COMMON_BLOCKS = YES;
				GCC_WARN_64_TO_32_BIT_CONVERSION = YES;
				GCC_WARN_ABOUT_RETURN_TYPE = YES_ERROR;
				GCC_WARN_UNDECLARED_SELECTOR = YES;
				GCC_WARN_UNINITIALIZED_AUTOS = YES_AGGRESSIVE;
				GCC_WARN_UNUSED_FUNCTION = YES;
				GCC_WARN_UNUSED_VARIABLE = YES;
				MACOSX_DEPLOYMENT_TARGET = 10.14;
				MTL_ENABLE_DEBUG_INFO = NO;
				MTL_FAST_MATH = YES;
				SDKROOT = macosx;
			};
			name = Release;
		};
		F10A0DA72205571800E871D7 /* Debug */ = {
			isa = XCBuildConfiguration;
			buildSettings = {
				CODE_SIGN_STYLE = Automatic;
				DEVELOPMENT_TEAM = KL2JALR869;
				HEADER_SEARCH_PATHS = /usr/local/include;
				LIBRARY_SEARCH_PATHS = (
					/usr/local/lib,
					/usr/local/Cellar/glfw/3.2.1/lib,
				);
				PRODUCT_NAME = "$(TARGET_NAME)";
			};
			name = Debug;
		};
		F10A0DA82205571800E871D7 /* Release */ = {
			isa = XCBuildConfiguration;
			buildSettings = {
				CODE_SIGN_STYLE = Automatic;
				DEVELOPMENT_TEAM = KL2JALR869;
				HEADER_SEARCH_PATHS = /usr/local/include;
				LIBRARY_SEARCH_PATHS = (
					/usr/local/lib,
					/usr/local/Cellar/glfw/3.2.1/lib,
				);
				PRODUCT_NAME = "$(TARGET_NAME)";
			};
			name = Release;
		};
/* End XCBuildConfiguration section */

/* Begin XCConfigurationList section */
		F10A0D9A2205571800E871D7 /* Build configuration list for PBXProject "Southpine" */ = {
			isa = XCConfigurationList;
			buildConfigurations = (
				F10A0DA42205571800E871D7 /* Debug */,
				F10A0DA52205571800E871D7 /* Release */,
			);
			defaultConfigurationIsVisible = 0;
			defaultConfigurationName = Release;
		};
		F10A0DA62205571800E871D7 /* Build configuration list for PBXNativeTarget "Southpine" */ = {
			isa = XCConfigurationList;
			buildConfigurations = (
				F10A0DA72205571800E871D7 /* Debug */,
				F10A0DA82205571800E871D7 /* Release */,
			);
			defaultConfigurationIsVisible = 0;
			defaultConfigurationName = Release;
		};
/* End XCConfigurationList section */
	};
	rootObject = F10A0D972205571800E871D7 /* Project object */;
}
